<Solution>
  <Project Path="src/Stelliberty.Application/Stelliberty.Application.csproj" />
  <Project Path="src/Stelliberty.Domain/Stelliberty.Domain.csproj" />
  <Project Path="src/Stelliberty.Infrastructure/Stelliberty.Infrastructure.csproj" />
  <Project Path="src/Stelliberty.Native/Stelliberty.Native.csproj" />
  <Project Path="src/Stelliberty.Presentation/Stelliberty.Presentation.csproj" />
  <Project Path="src/Stelliberty.Desktop/Stelliberty.Desktop.csproj" />
  <Project Path="tests/Stelliberty.ProxySelection.Tests/Stelliberty.ProxySelection.Tests.csproj" />
  <Project Path="tests/Stelliberty.RuntimeConfig.Tests/Stelliberty.RuntimeConfig.Tests.csproj" />
  <Project Path="tests/Stelliberty.ChainProxy.Tests/Stelliberty.ChainProxy.Tests.csproj" />
  <Project Path="tests/Stelliberty.Monitoring.Tests/Stelliberty.Monitoring.Tests.csproj" />
  <Project Path="tests/Stelliberty.Subscription.Tests/Stelliberty.Subscription.Tests.csproj" />
  <Project Path="tests/Stelliberty.Settings.Tests/Stelliberty.Settings.Tests.csproj" />
</Solution>
